// !$*UTF8*$!
{
	archiveVersion = 1;
	classes = {
	};
	objectVersion = 46;
	objects = {

/* Begin PBXBuildFile section */
		4035FCBD1C0D9EC7002F1927 /* AppDelegate.swift in Sources */ = {isa = PBXBuildFile; fileRef = 4035FCBC1C0D9EC7002F1927 /* AppDelegate.swift */; };
		4035FCBF1C0D9EC7002F1927 /* ViewController.swift in Sources */ = {isa = PBXBuildFile; fileRef = 4035FCBE1C0D9EC7002F1927 /* ViewController.swift */; };
		4035FCC21C0D9EC7002F1927 /* Main.storyboard in Resources */ = {isa = PBXBuildFile; fileRef = 4035FCC01C0D9EC7002F1927 /* Main.storyboard */; };
		4035FCC41C0D9EC7002F1927 /* Assets.xcassets in Resources */ = {isa = PBXBuildFile; fileRef = 4035FCC31C0D9EC7002F1927 /* Assets.xcassets */; };
		4035FCC71C0D9EC7002F1927 /* LaunchScreen.storyboard in Resources */ = {isa = PBXBuildFile; fileRef = 4035FCC51C0D9EC7002F1927 /* LaunchScreen.storyboard */; };
/* End PBXBuildFile section */

/* Begin PBXFileReference section */
		4035FCB91C0D9EC7002F1927 /* Pokedex.app */ = {isa = PBXFileReference; explicitFileType = wrapper.application; includeInIndex = 0; path = Pokedex.app; sourceTree = BUILT_PRODUCTS_DIR; };
		4035FCBC1C0D9EC7002F1927 /* AppDelegate.swift */ = {isa = PBXFileReference; lastKnownFileType = sourcecode.swift; path = AppDelegate.swift; sourceTree = "<group>"; };
		4035FCBE1C0D9EC7002F1927 /* ViewController.swift */ = {isa = PBXFileReference; lastKnownFileType = sourcecode.swift; path = ViewController.swift; sourceTree = "<group>"; };
		4035FCC11C0D9EC7002F1927 /* Base */ = {isa = PBXFileReference; lastKnownFileType = file.storyboard; name = Base; path = Base.lproj/Main.storyboard; sourceTree = "<group>"; };
		4035FCC31C0D9EC7002F1927 /* Assets.xcassets */ = {isa = PBXFileReference; lastKnownFileType = folder.assetcatalog; path = Assets.xcassets; sourceTree = "<group>"; };
		4035FCC61C0D9EC7002F1927 /* Base */ = {isa = PBXFileReference; lastKnownFileType = file.storyboard; name = Base; path = Base.lproj/LaunchScreen.storyboard; sourceTree = "<group>"; };
		4035FCC81C0D9EC7002F1927 /* Info.plist */ = {isa = PBXFileReference; lastKnownFileType = text.plist.xml; path = Info.plist; sourceTree = "<group>"; };
/* End PBXFileReference section */

/* Begin PBXFrameworksBuildPhase section */
		4035FCB61C0D9EC7002F1927 /* Frameworks */ = {
			isa = PBXFrameworksBuildPhase;
			buildActionMask = 2147483647;
			files = (
			);
			runOnlyForDeploymentPostprocessing = 0;
		};
/* End PBXFrameworksBuildPhase section */

/* Begin PBXGroup section */
		4035FCB01C0D9EC7002F1927 = {
			isa = PBXGroup;
			children = (
				4035FCBB1C0D9EC7002F1927 /* Pokedex */,
				4035FCBA1C0D9EC7002F1927 /* Products */,
			);
			sourceTree = "<group>";
		};
		4035FCBA1C0D9EC7002F1927 /* Products */ = {
			isa = PBXGroup;
			children = (
				4035FCB91C0D9EC7002F1927 /* Pokedex.app */,
			);
			name = Products;
			sourceTree = "<group>";
		};
		4035FCBB1C0D9EC7002F1927 /* Pokedex */ = {
			isa = PBXGroup;
			children = (
				4035FCBC1C0D9EC7002F1927 /* AppDelegate.swift */,
				4035FCBE1C0D9EC7002F1927 /* ViewController.swift */,
				4035FCC01C0D9EC7002F1927 /* Main.storyboard */,
				4035FCC31C0D9EC7002F1927 /* Assets.xcassets */,
				4035FCC51C0D9EC7002F1927 /* LaunchScreen.storyboard */,
				4035FCC81C0D9EC7002F1927 /* Info.plist */,
			);
			path = Pokedex;
			sourceTree = "<group>";
		};
/* End PBXGroup section */

/* Begin PBXNativeTarget section */
		4035FCB81C0D9EC7002F1927 /* Pokedex */ = {
			isa = PBXNativeTarget;
			buildConfigurationList = 4035FCCB1C0D9EC7002F1927 /* Build configuration list for PBXNativeTarget "Pokedex" */;
			buildPhases = (
				4035FCB51C0D9EC7002F1927 /* Sources */,
				4035FCB61C0D9EC7002F1927 /* Frameworks */,
				4035FCB71C0D9EC7002F1927 /* Resources */,
			);
			buildRules = (
			);
			dependencies = (
			);
			name = Pokedex;
			productName = Pokedex;
			productReference = 4035FCB91C0D9EC7002F1927 /* Pokedex.app */;
			productType = "com.apple.product-type.application";
		};
/* End PBXNativeTarget section */

/* Begin PBXProject section */
		4035FCB11C0D9EC7002F1927 /* Project object */ = {
			isa = PBXProject;
			attributes = {
				LastSwiftUpdateCheck = 0710;
				LastUpgradeCheck = 0710;
				ORGANIZATIONNAME = "Shivam Kapur";
				TargetAttributes = {
					4035FCB81C0D9EC7002F1927 = {
						CreatedOnToolsVersion = 7.1;
						DevelopmentTeam = 9957R92QLG;
					};
				};
			};
			buildConfigurationList = 4035FCB41C0D9EC7002F1927 /* Build configuration list for PBXProject "Pokedex" */;
			compatibilityVersion = "Xcode 3.2";
			developmentRegion = English;
			hasScannedForEncodings = 0;
			knownRegions = (
				en,
				Base,
			);
			mainGroup = 4035FCB01C0D9EC7002F1927;
			productRefGroup = 4035FCBA1C0D9EC7002F1927 /* Products */;
			projectDirPath = "";
			projectRoot = "";
			targets = (
				4035FCB81C0D9EC7002F1927 /* Pokedex */,
			);
		};
/* End PBXProject section */

/* Begin PBXResourcesBuildPhase section */
		4035FCB71C0D9EC7002F1927 /* Resources */ = {
			isa = PBXResourcesBuildPhase;
			buildActionMask = 2147483647;
			files = (
				4035FCC71C0D9EC7002F1927 /* LaunchScreen.storyboard in Resources */,
				4035FCC41C0D9EC7002F1927 /* Assets.xcassets in Resources */,
				4035FCC21C0D9EC7002F1927 /* Main.storyboard in Resources */,
			);
			runOnlyForDeploymentPostprocessing = 0;
		};
/* End PBXResourcesBuildPhase section */

/* Begin PBXSourcesBuildPhase section */
		4035FCB51C0D9EC7002F1927 /* Sources */ = {
			isa = PBXSourcesBuildPhase;
			buildActionMask = 2147483647;
			files = (
				4035FCBF1C0D9EC7002F1927 /* ViewController.swift in Sources */,
				4035FCBD1C0D9EC7002F1927 /* AppDelegate.swift in Sources */,
			);
			runOnlyForDeploymentPostprocessing = 0;
		};
/* End PBXSourcesBuildPhase section */

/* Begin PBXVariantGroup section */
		4035FCC01C0D9EC7002F1927 /* Main.storyboard */ = {
			isa = PBXVariantGroup;
			children = (
				4035FCC11C0D9EC7002F1927 /* Base */,
			);
			name = Main.storyboard;
			sourceTree = "<group>";
		};
		4035FCC51C0D9EC7002F1927 /* LaunchScreen.storyboard */ = {
			isa = PBXVariantGroup;
			children = (
				4035FCC61C0D9EC7002F1927 /* Base */,
			);
			name = LaunchScreen.storyboard;
			sourceTree = "<group>";
		};
/* End PBXVariantGroup section */

/* Begin XCBuildConfiguration section */
		4035FCC91C0D9EC7002F1927 /* Debug */ = {
			isa = XCBuildConfiguration;
			buildSettings = {
				ALWAYS_SEARCH_USER_PATHS = NO;
				CLANG_CXX_LANGUAGE_STANDARD = "gnu++0x";
				CLANG_CXX_LIBRARY = "libc++";
				CLANG_ENABLE_MODULES = YES;
				CLANG_ENABLE_OBJC_ARC = YES;
				CLANG_WARN_BOOL_CONVERSION = YES;
				CLANG_WARN_CONSTANT_CONVERSION = YES;
				CLANG_WARN_DIRECT_OBJC_ISA_USAGE = YES_ERROR;
				CLANG_WARN_EMPTY_BODY = YES;
				CLANG_WARN_ENUM_CONVERSION = YES;
				CLANG_WARN_INT_CONVERSION = YES;
				CLANG_WARN_OBJC_ROOT_CLASS = YES_ERROR;
				CLANG_WARN_UNREACHABLE_CODE = YES;
				CLANG_WARN__DUPLICATE_METHOD_MATCH = YES;
				"CODE_SIGN_IDENTITY[sdk=iphoneos*]" = "iPhone Developer";
				COPY_PHASE_STRIP = NO;
				DEBUG_INFORMATION_FORMAT = dwarf;
				ENABLE_STRICT_OBJC_MSGSEND = YES;
				ENABLE_TESTABILITY = YES;
				GCC_C_LANGUAGE_STANDARD = gnu99;
				GCC_DYNAMIC_NO_PIC = NO;
				GCC_NO_COMMON_BLOCKS = YES;
				GCC_OPTIMIZATION_LEVEL = 0;
				GCC_PREPROCESSOR_DEFINITIONS = (
					"DEBUG=1",
					"$(inherited)",
				);
				GCC_WARN_64_TO_32_BIT_CONVERSION = YES;
				GCC_WARN_ABOUT_RETURN_TYPE = YES_ERROR;
				GCC_WARN_UNDECLARED_SELECTOR = YES;
				GCC_WARN_UNINITIALIZED_AUTOS = YES_AGGRESSIVE;
				GCC_WARN_UNUSED_FUNCTION = YES;
				GCC_WARN_UNUSED_VARIABLE = YES;
				IPHONEOS_DEPLOYMENT_TARGET = 9.1;
				MTL_ENABLE_DEBUG_INFO = YES;
				ONLY_ACTIVE_ARCH = YES;
				SDKROOT = iphoneos;
				SWIFT_OPTIMIZATION_LEVEL = "-Onone";
				TARGETED_DEVICE_FAMILY = "1,2";
			};
			name = Debug;
		};
		4035FCCA1C0D9EC7002F1927 /* Release */ = {
			isa = XCBuildConfiguration;
			buildSettings = {
				ALWAYS_SEARCH_USER_PATHS = NO;
				CLANG_CXX_LANGUAGE_STANDARD = "gnu++0x";
				CLANG_CXX_LIBRARY = "libc++";
				CLANG_ENABLE_MODULES = YES;
				CLANG_ENABLE_OBJC_ARC = YES;
				CLANG_WARN_BOOL_CONVERSION = YES;
				CLANG_WARN_CONSTANT_CONVERSION = YES;
				CLANG_WARN_DIRECT_OBJC_ISA_USAGE = YES_ERROR;
				CLANG_WARN_EMPTY_BODY = YES;
				CLANG_WARN_ENUM_CONVERSION = YES;
				CLANG_WARN_INT_CONVERSION = YES;
				CLANG_WARN_OBJC_ROOT_CLASS = YES_ERROR;
				CLANG_WARN_UNREACHABLE_CODE = YES;
				CLANG_WARN__DUPLICATE_METHOD_MATCH = YES;
				"CODE_SIGN_IDENTITY[sdk=iphoneos*]" = "iPhone Developer";
				COPY_PHASE_STRIP = NO;
				DEBUG_INFORMATION_FORMAT = "dwarf-with-dsym";
				ENABLE_NS_ASSERTIONS = NO;
				ENABLE_STRICT_OBJC_MSGSEND = YES;
				GCC_C_LANGUAGE_STANDARD = gnu99;
				GCC_NO_COMMON_BLOCKS = YES;
				GCC_WARN_64_TO_32_BIT_CONVERSION = YES;
				GCC_WARN_ABOUT_RETURN_TYPE = YES_ERROR;
				GCC_WARN_UNDECLARED_SELECTOR = YES;
				GCC_WARN_UNINITIALIZED_AUTOS = YES_AGGRESSIVE;
				GCC_WARN_UNUSED_FUNCTION = YES;
				GCC_WARN_UNUSED_VARIABLE = YES;
				IPHONEOS_DEPLOYMENT_TARGET = 9.1;
				MTL_ENABLE_DEBUG_INFO = NO;
				SDKROOT = iphoneos;
				TARGETED_DEVICE_FAMILY = "1,2";
				VALIDATE_PRODUCT = YES;
			};
			name = Release;
		};
		4035FCCC1C0D9EC7002F1927 /* Debug */ = {
			isa = XCBuildConfiguration;
			buildSettings = {
				ASSETCATALOG_COMPILER_APPICON_NAME = AppIcon;
				INFOPLIST_FILE = Pokedex/Info.plist;
				LD_RUNPATH_SEARCH_PATHS = "$(inherited) @executable_path/Frameworks";
				PRODUCT_BUNDLE_IDENTIFIER = com.ShivamKapur.Pokedex;
				PRODUCT_NAME = "$(TARGET_NAME)";
			};
			name = Debug;
		};
		4035FCCD1C0D9EC7002F1927 /* Release */ = {
			isa = XCBuildConfiguration;
			buildSettings = {
				ASSETCATALOG_COMPILER_APPICON_NAME = AppIcon;
				INFOPLIST_FILE = Pokedex/Info.plist;
				LD_RUNPATH_SEARCH_PATHS = "$(inherited) @executable_path/Frameworks";
				PRODUCT_BUNDLE_IDENTIFIER = com.ShivamKapur.Pokedex;
				PRODUCT_NAME = "$(TARGET_NAME)";
			};
			name = Release;
		};
/* End XCBuildConfiguration section */

/* Begin XCConfigurationList section */
		4035FCB41C0D9EC7002F1927 /* Build configuration list for PBXProject "Pokedex" */ = {
			isa = XCConfigurationList;
			buildConfigurations = (
				4035FCC91C0D9EC7002F1927 /* Debug */,
				4035FCCA1C0D9EC7002F1927 /* Release */,
			);
			defaultConfigurationIsVisible = 0;
			defaultConfigurationName = Release;
		};
		4035FCCB1C0D9EC7002F1927 /* Build configuration list for PBXNativeTarget "Pokedex" */ = {
			isa = XCConfigurationList;
			buildConfigurations = (
				4035FCCC1C0D9EC7002F1927 /* Debug */,
				4035FCCD1C0D9EC7002F1927 /* Release */,
			);
			defaultConfigurationIsVisible = 0;
		};
/* End XCConfigurationList section */
	};
	rootObject = 4035FCB11C0D9EC7002F1927 /* Project object */;
}
